// !$*UTF8*$!
{
	archiveVersion = 1;
	classes = {
	};
	objectVersion = 50;
	objects = {

/* Begin PBXBuildFile section */
		1B85B5F34B2A49A760FAAEB6 /* Pods_GamerGramTests.framework in Frameworks */ = {isa = PBXBuildFile; fileRef = 72185883B8031687792444EE /* Pods_GamerGramTests.framework */; };
		303737829E99E1DD47AD9084 /* Pods_GamerGramUITests.framework in Frameworks */ = {isa = PBXBuildFile; fileRef = 0EAF758A43935AF184ED14EA /* Pods_GamerGramUITests.framework */; };
		450A19342273044A004E5296 /* AppDelegate.swift in Sources */ = {isa = PBXBuildFile; fileRef = 450A19332273044A004E5296 /* AppDelegate.swift */; };
		450A19362273044A004E5296 /* ViewController.swift in Sources */ = {isa = PBXBuildFile; fileRef = 450A19352273044A004E5296 /* ViewController.swift */; };
		450A19392273044A004E5296 /* Main.storyboard in Resources */ = {isa = PBXBuildFile; fileRef = 450A19372273044A004E5296 /* Main.storyboard */; };
		450A193B2273044C004E5296 /* Assets.xcassets in Resources */ = {isa = PBXBuildFile; fileRef = 450A193A2273044C004E5296 /* Assets.xcassets */; };
		450A193E2273044C004E5296 /* LaunchScreen.storyboard in Resources */ = {isa = PBXBuildFile; fileRef = 450A193C2273044C004E5296 /* LaunchScreen.storyboard */; };
		450A19492273044C004E5296 /* GamerGramTests.swift in Sources */ = {isa = PBXBuildFile; fileRef = 450A19482273044C004E5296 /* GamerGramTests.swift */; };
		450A19542273044C004E5296 /* GamerGramUITests.swift in Sources */ = {isa = PBXBuildFile; fileRef = 450A19532273044C004E5296 /* GamerGramUITests.swift */; };
		450A196222730541004E5296 /* SignInViewController.swift in Sources */ = {isa = PBXBuildFile; fileRef = 450A196122730541004E5296 /* SignInViewController.swift */; };
		450A19642273063A004E5296 /* SignUpViewController.swift in Sources */ = {isa = PBXBuildFile; fileRef = 450A19632273063A004E5296 /* SignUpViewController.swift */; };
		454961CC22775A74004B9BE5 /* HomeViewController.swift in Sources */ = {isa = PBXBuildFile; fileRef = 454961CB22775A74004B9BE5 /* HomeViewController.swift */; };
		454961CE22775AC3004B9BE5 /* SearchViewController.swift in Sources */ = {isa = PBXBuildFile; fileRef = 454961CD22775AC3004B9BE5 /* SearchViewController.swift */; };
		454961D022775ACE004B9BE5 /* ProfileViewController.swift in Sources */ = {isa = PBXBuildFile; fileRef = 454961CF22775ACE004B9BE5 /* ProfileViewController.swift */; };
		454961D222775B4E004B9BE5 /* ChatViewController.swift in Sources */ = {isa = PBXBuildFile; fileRef = 454961D122775B4E004B9BE5 /* ChatViewController.swift */; };
		454961D422775C00004B9BE5 /* PostViewController.swift in Sources */ = {isa = PBXBuildFile; fileRef = 454961D322775C00004B9BE5 /* PostViewController.swift */; };
		454961D622777892004B9BE5 /* Start.storyboard in Resources */ = {isa = PBXBuildFile; fileRef = 454961D522777892004B9BE5 /* Start.storyboard */; };
		454961DB22777B92004B9BE5 /* Home.storyboard in Resources */ = {isa = PBXBuildFile; fileRef = 454961DA22777B92004B9BE5 /* Home.storyboard */; };
		454961DE22777D1F004B9BE5 /* Search.storyboard in Resources */ = {isa = PBXBuildFile; fileRef = 454961DC22777D1F004B9BE5 /* Search.storyboard */; };
		454961E022777D5F004B9BE5 /* Profile.storyboard in Resources */ = {isa = PBXBuildFile; fileRef = 454961DF22777D5F004B9BE5 /* Profile.storyboard */; };
		454961E322777D8C004B9BE5 /* Post.storyboard in Resources */ = {isa = PBXBuildFile; fileRef = 454961E122777D8C004B9BE5 /* Post.storyboard */; };
		454961E522777DAB004B9BE5 /* Chat.storyboard in Resources */ = {isa = PBXBuildFile; fileRef = 454961E422777DAB004B9BE5 /* Chat.storyboard */; };
		454961E922779396004B9BE5 /* GoogleService-Info.plist in Resources */ = {isa = PBXBuildFile; fileRef = 454961E822779396004B9BE5 /* GoogleService-Info.plist */; };
		454961EB2277A583004B9BE5 /* LoggedInViewController.swift in Sources */ = {isa = PBXBuildFile; fileRef = 454961EA2277A583004B9BE5 /* LoggedInViewController.swift */; };
		6E364C67D2768CED07FC26C3 /* Pods_GamerGram.framework in Frameworks */ = {isa = PBXBuildFile; fileRef = 1E6A057D4432C1A1A4E5C1CE /* Pods_GamerGram.framework */; };
/* End PBXBuildFile section */

/* Begin PBXContainerItemProxy section */
		450A19452273044C004E5296 /* PBXContainerItemProxy */ = {
			isa = PBXContainerItemProxy;
			containerPortal = 450A19282273044A004E5296 /* Project object */;
			proxyType = 1;
			remoteGlobalIDString = 450A192F2273044A004E5296;
			remoteInfo = GamerGram;
		};
		450A19502273044C004E5296 /* PBXContainerItemProxy */ = {
			isa = PBXContainerItemProxy;
			containerPortal = 450A19282273044A004E5296 /* Project object */;
			proxyType = 1;
			remoteGlobalIDString = 450A192F2273044A004E5296;
			remoteInfo = GamerGram;
		};
/* End PBXContainerItemProxy section */

/* Begin PBXFileReference section */
		06AD5A3C9B2FAF2B7BD0072F /* Pods-GamerGram.release.xcconfig */ = {isa = PBXFileReference; includeInIndex = 1; lastKnownFileType = text.xcconfig; name = "Pods-GamerGram.release.xcconfig"; path = "Target Support Files/Pods-GamerGram/Pods-GamerGram.release.xcconfig"; sourceTree = "<group>"; };
		0EAF758A43935AF184ED14EA /* Pods_GamerGramUITests.framework */ = {isa = PBXFileReference; explicitFileType = wrapper.framework; includeInIndex = 0; path = Pods_GamerGramUITests.framework; sourceTree = BUILT_PRODUCTS_DIR; };
		1E6A057D4432C1A1A4E5C1CE /* Pods_GamerGram.framework */ = {isa = PBXFileReference; explicitFileType = wrapper.framework; includeInIndex = 0; path = Pods_GamerGram.framework; sourceTree = BUILT_PRODUCTS_DIR; };
		3E0F5998C6AA33F6992F1AA3 /* Pods-GamerGramTests.debug.xcconfig */ = {isa = PBXFileReference; includeInIndex = 1; lastKnownFileType = text.xcconfig; name = "Pods-GamerGramTests.debug.xcconfig"; path = "Target Support Files/Pods-GamerGramTests/Pods-GamerGramTests.debug.xcconfig"; sourceTree = "<group>"; };
		450A19302273044A004E5296 /* GamerGram.app */ = {isa = PBXFileReference; explicitFileType = wrapper.application; includeInIndex = 0; path = GamerGram.app; sourceTree = BUILT_PRODUCTS_DIR; };
		450A19332273044A004E5296 /* AppDelegate.swift */ = {isa = PBXFileReference; lastKnownFileType = sourcecode.swift; path = AppDelegate.swift; sourceTree = "<group>"; };
		450A19352273044A004E5296 /* ViewController.swift */ = {isa = PBXFileReference; lastKnownFileType = sourcecode.swift; path = ViewController.swift; sourceTree = "<group>"; };
		450A19382273044A004E5296 /* Base */ = {isa = PBXFileReference; lastKnownFileType = file.storyboard; name = Base; path = Base.lproj/Main.storyboard; sourceTree = "<group>"; };
		450A193A2273044C004E5296 /* Assets.xcassets */ = {isa = PBXFileReference; lastKnownFileType = folder.assetcatalog; path = Assets.xcassets; sourceTree = "<group>"; };
		450A193D2273044C004E5296 /* Base */ = {isa = PBXFileReference; lastKnownFileType = file.storyboard; name = Base; path = Base.lproj/LaunchScreen.storyboard; sourceTree = "<group>"; };
		450A193F2273044C004E5296 /* Info.plist */ = {isa = PBXFileReference; lastKnownFileType = text.plist.xml; path = Info.plist; sourceTree = "<group>"; };
		450A19442273044C004E5296 /* GamerGramTests.xctest */ = {isa = PBXFileReference; explicitFileType = wrapper.cfbundle; includeInIndex = 0; path = GamerGramTests.xctest; sourceTree = BUILT_PRODUCTS_DIR; };
		450A19482273044C004E5296 /* GamerGramTests.swift */ = {isa = PBXFileReference; lastKnownFileType = sourcecode.swift; path = GamerGramTests.swift; sourceTree = "<group>"; };
		450A194A2273044C004E5296 /* Info.plist */ = {isa = PBXFileReference; lastKnownFileType = text.plist.xml; path = Info.plist; sourceTree = "<group>"; };
		450A194F2273044C004E5296 /* GamerGramUITests.xctest */ = {isa = PBXFileReference; explicitFileType = wrapper.cfbundle; includeInIndex = 0; path = GamerGramUITests.xctest; sourceTree = BUILT_PRODUCTS_DIR; };
		450A19532273044C004E5296 /* GamerGramUITests.swift */ = {isa = PBXFileReference; lastKnownFileType = sourcecode.swift; path = GamerGramUITests.swift; sourceTree = "<group>"; };
		450A19552273044C004E5296 /* Info.plist */ = {isa = PBXFileReference; lastKnownFileType = text.plist.xml; path = Info.plist; sourceTree = "<group>"; };
		450A196122730541004E5296 /* SignInViewController.swift */ = {isa = PBXFileReference; lastKnownFileType = sourcecode.swift; path = SignInViewController.swift; sourceTree = "<group>"; };
		450A19632273063A004E5296 /* SignUpViewController.swift */ = {isa = PBXFileReference; lastKnownFileType = sourcecode.swift; path = SignUpViewController.swift; sourceTree = "<group>"; };
		454961CB22775A74004B9BE5 /* HomeViewController.swift */ = {isa = PBXFileReference; lastKnownFileType = sourcecode.swift; path = HomeViewController.swift; sourceTree = "<group>"; };
		454961CD22775AC3004B9BE5 /* SearchViewController.swift */ = {isa = PBXFileReference; lastKnownFileType = sourcecode.swift; path = SearchViewController.swift; sourceTree = "<group>"; };
		454961CF22775ACE004B9BE5 /* ProfileViewController.swift */ = {isa = PBXFileReference; lastKnownFileType = sourcecode.swift; path = ProfileViewController.swift; sourceTree = "<group>"; };
		454961D122775B4E004B9BE5 /* ChatViewController.swift */ = {isa = PBXFileReference; lastKnownFileType = sourcecode.swift; path = ChatViewController.swift; sourceTree = "<group>"; };
		454961D322775C00004B9BE5 /* PostViewController.swift */ = {isa = PBXFileReference; lastKnownFileType = sourcecode.swift; path = PostViewController.swift; sourceTree = "<group>"; };
		454961D522777892004B9BE5 /* Start.storyboard */ = {isa = PBXFileReference; fileEncoding = 4; lastKnownFileType = file.storyboard; path = Start.storyboard; sourceTree = "<group>"; };
		454961DA22777B92004B9BE5 /* Home.storyboard */ = {isa = PBXFileReference; fileEncoding = 4; lastKnownFileType = file.storyboard; path = Home.storyboard; sourceTree = "<group>"; };
		454961DD22777D1F004B9BE5 /* Base */ = {isa = PBXFileReference; lastKnownFileType = file.storyboard; name = Base; path = GamerGram/Base.lproj/Search.storyboard; sourceTree = "<group>"; };
		454961DF22777D5F004B9BE5 /* Profile.storyboard */ = {isa = PBXFileReference; fileEncoding = 4; lastKnownFileType = file.storyboard; path = Profile.storyboard; sourceTree = "<group>"; };
		454961E222777D8C004B9BE5 /* Base */ = {isa = PBXFileReference; lastKnownFileType = file.storyboard; name = Base; path = GamerGram/Base.lproj/Post.storyboard; sourceTree = "<group>"; };
		454961E422777DAB004B9BE5 /* Chat.storyboard */ = {isa = PBXFileReference; fileEncoding = 4; lastKnownFileType = file.storyboard; path = Chat.storyboard; sourceTree = "<group>"; };
		454961E822779396004B9BE5 /* GoogleService-Info.plist */ = {isa = PBXFileReference; fileEncoding = 4; lastKnownFileType = text.plist.xml; name = "GoogleService-Info.plist"; path = "../../../../../../Users/ruben/Downloads/GoogleService-Info.plist"; sourceTree = "<group>"; };
		454961EA2277A583004B9BE5 /* LoggedInViewController.swift */ = {isa = PBXFileReference; lastKnownFileType = sourcecode.swift; path = LoggedInViewController.swift; sourceTree = "<group>"; };
		4FFB2D47346BC5D1DA689F31 /* Pods-GamerGram.debug.xcconfig */ = {isa = PBXFileReference; includeInIndex = 1; lastKnownFileType = text.xcconfig; name = "Pods-GamerGram.debug.xcconfig"; path = "Target Support Files/Pods-GamerGram/Pods-GamerGram.debug.xcconfig"; sourceTree = "<group>"; };
		72185883B8031687792444EE /* Pods_GamerGramTests.framework */ = {isa = PBXFileReference; explicitFileType = wrapper.framework; includeInIndex = 0; path = Pods_GamerGramTests.framework; sourceTree = BUILT_PRODUCTS_DIR; };
		8F511E183F26F629FB883F3F /* Pods-GamerGramUITests.release.xcconfig */ = {isa = PBXFileReference; includeInIndex = 1; lastKnownFileType = text.xcconfig; name = "Pods-GamerGramUITests.release.xcconfig"; path = "Target Support Files/Pods-GamerGramUITests/Pods-GamerGramUITests.release.xcconfig"; sourceTree = "<group>"; };
		90FF9F3C9E08AA3F3102D851 /* Pods-GamerGramUITests.debug.xcconfig */ = {isa = PBXFileReference; includeInIndex = 1; lastKnownFileType = text.xcconfig; name = "Pods-GamerGramUITests.debug.xcconfig"; path = "Target Support Files/Pods-GamerGramUITests/Pods-GamerGramUITests.debug.xcconfig"; sourceTree = "<group>"; };
		AF9C2FFC00A891EC27538775 /* Pods-GamerGramTests.release.xcconfig */ = {isa = PBXFileReference; includeInIndex = 1; lastKnownFileType = text.xcconfig; name = "Pods-GamerGramTests.release.xcconfig"; path = "Target Support Files/Pods-GamerGramTests/Pods-GamerGramTests.release.xcconfig"; sourceTree = "<group>"; };
/* End PBXFileReference section */

/* Begin PBXFrameworksBuildPhase section */
		450A192D2273044A004E5296 /* Frameworks */ = {
			isa = PBXFrameworksBuildPhase;
			buildActionMask = 2147483647;
			files = (
				6E364C67D2768CED07FC26C3 /* Pods_GamerGram.framework in Frameworks */,
			);
			runOnlyForDeploymentPostprocessing = 0;
		};
		450A19412273044C004E5296 /* Frameworks */ = {
			isa = PBXFrameworksBuildPhase;
			buildActionMask = 2147483647;
			files = (
				1B85B5F34B2A49A760FAAEB6 /* Pods_GamerGramTests.framework in Frameworks */,
			);
			runOnlyForDeploymentPostprocessing = 0;
		};
		450A194C2273044C004E5296 /* Frameworks */ = {
			isa = PBXFrameworksBuildPhase;
			buildActionMask = 2147483647;
			files = (
				303737829E99E1DD47AD9084 /* Pods_GamerGramUITests.framework in Frameworks */,
			);
			runOnlyForDeploymentPostprocessing = 0;
		};
/* End PBXFrameworksBuildPhase section */

/* Begin PBXGroup section */
		450A19272273044A004E5296 = {
			isa = PBXGroup;
			children = (
				454961E822779396004B9BE5 /* GoogleService-Info.plist */,
				450A19322273044A004E5296 /* GamerGram */,
				450A19472273044C004E5296 /* GamerGramTests */,
				450A19522273044C004E5296 /* GamerGramUITests */,
				450A19312273044A004E5296 /* Products */,
				4CCAF4A3FCBA0A11308F18F6 /* Pods */,
				ADB52D62E8FC4D008EEC8EF8 /* Frameworks */,
			);
			sourceTree = "<group>";
		};
		450A19312273044A004E5296 /* Products */ = {
			isa = PBXGroup;
			children = (
				450A19302273044A004E5296 /* GamerGram.app */,
				450A19442273044C004E5296 /* GamerGramTests.xctest */,
				450A194F2273044C004E5296 /* GamerGramUITests.xctest */,
			);
			name = Products;
			sourceTree = "<group>";
		};
		450A19322273044A004E5296 /* GamerGram */ = {
			isa = PBXGroup;
			children = (
				450A19332273044A004E5296 /* AppDelegate.swift */,
				454961E72277901D004B9BE5 /* Viewcontrollers */,
				454961E622778FFF004B9BE5 /* Storyboards */,
				450A193C2273044C004E5296 /* LaunchScreen.storyboard */,
				450A193F2273044C004E5296 /* Info.plist */,
				450A193A2273044C004E5296 /* Assets.xcassets */,
			);
			path = GamerGram;
			sourceTree = "<group>";
		};
		450A19472273044C004E5296 /* GamerGramTests */ = {
			isa = PBXGroup;
			children = (
				450A19482273044C004E5296 /* GamerGramTests.swift */,
				450A194A2273044C004E5296 /* Info.plist */,
			);
			path = GamerGramTests;
			sourceTree = "<group>";
		};
		450A19522273044C004E5296 /* GamerGramUITests */ = {
			isa = PBXGroup;
			children = (
				450A19532273044C004E5296 /* GamerGramUITests.swift */,
				450A19552273044C004E5296 /* Info.plist */,
			);
			path = GamerGramUITests;
			sourceTree = "<group>";
		};
		454961E622778FFF004B9BE5 /* Storyboards */ = {
			isa = PBXGroup;
			children = (
				454961D522777892004B9BE5 /* Start.storyboard */,
				450A19372273044A004E5296 /* Main.storyboard */,
				454961DF22777D5F004B9BE5 /* Profile.storyboard */,
				454961DA22777B92004B9BE5 /* Home.storyboard */,
				454961E422777DAB004B9BE5 /* Chat.storyboard */,
				454961E122777D8C004B9BE5 /* Post.storyboard */,
				454961DC22777D1F004B9BE5 /* Search.storyboard */,
			);
			path = Storyboards;
			sourceTree = "<group>";
		};
		454961E72277901D004B9BE5 /* Viewcontrollers */ = {
			isa = PBXGroup;
			children = (
				450A19352273044A004E5296 /* ViewController.swift */,
				450A196122730541004E5296 /* SignInViewController.swift */,
				450A19632273063A004E5296 /* SignUpViewController.swift */,
				454961CB22775A74004B9BE5 /* HomeViewController.swift */,
				454961D122775B4E004B9BE5 /* ChatViewController.swift */,
				454961CD22775AC3004B9BE5 /* SearchViewController.swift */,
				454961CF22775ACE004B9BE5 /* ProfileViewController.swift */,
				454961D322775C00004B9BE5 /* PostViewController.swift */,
				454961EA2277A583004B9BE5 /* LoggedInViewController.swift */,
			);
			path = Viewcontrollers;
			sourceTree = "<group>";
		};
		4CCAF4A3FCBA0A11308F18F6 /* Pods */ = {
			isa = PBXGroup;
			children = (
				4FFB2D47346BC5D1DA689F31 /* Pods-GamerGram.debug.xcconfig */,
				06AD5A3C9B2FAF2B7BD0072F /* Pods-GamerGram.release.xcconfig */,
				3E0F5998C6AA33F6992F1AA3 /* Pods-GamerGramTests.debug.xcconfig */,
				AF9C2FFC00A891EC27538775 /* Pods-GamerGramTests.release.xcconfig */,
				90FF9F3C9E08AA3F3102D851 /* Pods-GamerGramUITests.debug.xcconfig */,
				8F511E183F26F629FB883F3F /* Pods-GamerGramUITests.release.xcconfig */,
			);
			path = Pods;
			sourceTree = "<group>";
		};
		ADB52D62E8FC4D008EEC8EF8 /* Frameworks */ = {
			isa = PBXGroup;
			children = (
				1E6A057D4432C1A1A4E5C1CE /* Pods_GamerGram.framework */,
				72185883B8031687792444EE /* Pods_GamerGramTests.framework */,
				0EAF758A43935AF184ED14EA /* Pods_GamerGramUITests.framework */,
			);
			name = Frameworks;
			sourceTree = "<group>";
		};
/* End PBXGroup section */

/* Begin PBXNativeTarget section */
		450A192F2273044A004E5296 /* GamerGram */ = {
			isa = PBXNativeTarget;
			buildConfigurationList = 450A19582273044C004E5296 /* Build configuration list for PBXNativeTarget "GamerGram" */;
			buildPhases = (
				56342964051C10B4E71DC5DD /* [CP] Check Pods Manifest.lock */,
				450A192C2273044A004E5296 /* Sources */,
				450A192D2273044A004E5296 /* Frameworks */,
				450A192E2273044A004E5296 /* Resources */,
				AE1E70AB35E5F5CAD7F7EF49 /* [CP] Embed Pods Frameworks */,
			);
			buildRules = (
			);
			dependencies = (
			);
			name = GamerGram;
			productName = GamerGram;
			productReference = 450A19302273044A004E5296 /* GamerGram.app */;
			productType = "com.apple.product-type.application";
		};
		450A19432273044C004E5296 /* GamerGramTests */ = {
			isa = PBXNativeTarget;
			buildConfigurationList = 450A195B2273044C004E5296 /* Build configuration list for PBXNativeTarget "GamerGramTests" */;
			buildPhases = (
				171C1EE56FF3EF6D106A546D /* [CP] Check Pods Manifest.lock */,
				450A19402273044C004E5296 /* Sources */,
				450A19412273044C004E5296 /* Frameworks */,
				450A19422273044C004E5296 /* Resources */,
			);
			buildRules = (
			);
			dependencies = (
				450A19462273044C004E5296 /* PBXTargetDependency */,
			);
			name = GamerGramTests;
			productName = GamerGramTests;
			productReference = 450A19442273044C004E5296 /* GamerGramTests.xctest */;
			productType = "com.apple.product-type.bundle.unit-test";
		};
		450A194E2273044C004E5296 /* GamerGramUITests */ = {
			isa = PBXNativeTarget;
			buildConfigurationList = 450A195E2273044C004E5296 /* Build configuration list for PBXNativeTarget "GamerGramUITests" */;
			buildPhases = (
				6373D11596CB9C71D163BFAD /* [CP] Check Pods Manifest.lock */,
				450A194B2273044C004E5296 /* Sources */,
				450A194C2273044C004E5296 /* Frameworks */,
				450A194D2273044C004E5296 /* Resources */,
			);
			buildRules = (
			);
			dependencies = (
				450A19512273044C004E5296 /* PBXTargetDependency */,
			);
			name = GamerGramUITests;
			productName = GamerGramUITests;
			productReference = 450A194F2273044C004E5296 /* GamerGramUITests.xctest */;
			productType = "com.apple.product-type.bundle.ui-testing";
		};
/* End PBXNativeTarget section */

/* Begin PBXProject section */
		450A19282273044A004E5296 /* Project object */ = {
			isa = PBXProject;
			attributes = {
				LastSwiftUpdateCheck = 1020;
				LastUpgradeCheck = 1020;
				ORGANIZATIONNAME = "Ruben Nijmeijer";
				TargetAttributes = {
					450A192F2273044A004E5296 = {
						CreatedOnToolsVersion = 10.2.1;
					};
					450A19432273044C004E5296 = {
						CreatedOnToolsVersion = 10.2.1;
						TestTargetID = 450A192F2273044A004E5296;
					};
					450A194E2273044C004E5296 = {
						CreatedOnToolsVersion = 10.2.1;
						TestTargetID = 450A192F2273044A004E5296;
					};
				};
			};
			buildConfigurationList = 450A192B2273044A004E5296 /* Build configuration list for PBXProject "GamerGram" */;
			compatibilityVersion = "Xcode 9.3";
			developmentRegion = en;
			hasScannedForEncodings = 0;
			knownRegions = (
				en,
				Base,
			);
			mainGroup = 450A19272273044A004E5296;
			productRefGroup = 450A19312273044A004E5296 /* Products */;
			projectDirPath = "";
			projectRoot = "";
			targets = (
				450A192F2273044A004E5296 /* GamerGram */,
				450A19432273044C004E5296 /* GamerGramTests */,
				450A194E2273044C004E5296 /* GamerGramUITests */,
			);
		};
/* End PBXProject section */

/* Begin PBXResourcesBuildPhase section */
		450A192E2273044A004E5296 /* Resources */ = {
			isa = PBXResourcesBuildPhase;
			buildActionMask = 2147483647;
			files = (
				454961E522777DAB004B9BE5 /* Chat.storyboard in Resources */,
				450A193E2273044C004E5296 /* LaunchScreen.storyboard in Resources */,
				454961DB22777B92004B9BE5 /* Home.storyboard in Resources */,
				454961D622777892004B9BE5 /* Start.storyboard in Resources */,
				450A193B2273044C004E5296 /* Assets.xcassets in Resources */,
				454961E322777D8C004B9BE5 /* Post.storyboard in Resources */,
				454961DE22777D1F004B9BE5 /* Search.storyboard in Resources */,
				454961E922779396004B9BE5 /* GoogleService-Info.plist in Resources */,
				454961E022777D5F004B9BE5 /* Profile.storyboard in Resources */,
				450A19392273044A004E5296 /* Main.storyboard in Resources */,
			);
			runOnlyForDeploymentPostprocessing = 0;
		};
		450A19422273044C004E5296 /* Resources */ = {
			isa = PBXResourcesBuildPhase;
			buildActionMask = 2147483647;
			files = (
			);
			runOnlyForDeploymentPostprocessing = 0;
		};
		450A194D2273044C004E5296 /* Resources */ = {
			isa = PBXResourcesBuildPhase;
			buildActionMask = 2147483647;
			files = (
			);
			runOnlyForDeploymentPostprocessing = 0;
		};
/* End PBXResourcesBuildPhase section */

/* Begin PBXShellScriptBuildPhase section */
		171C1EE56FF3EF6D106A546D /* [CP] Check Pods Manifest.lock */ = {
			isa = PBXShellScriptBuildPhase;
			buildActionMask = 2147483647;
			files = (
			);
			inputFileListPaths = (
			);
			inputPaths = (
				"${PODS_PODFILE_DIR_PATH}/Podfile.lock",
				"${PODS_ROOT}/Manifest.lock",
			);
			name = "[CP] Check Pods Manifest.lock";
			outputFileListPaths = (
			);
			outputPaths = (
				"$(DERIVED_FILE_DIR)/Pods-GamerGramTests-checkManifestLockResult.txt",
			);
			runOnlyForDeploymentPostprocessing = 0;
			shellPath = /bin/sh;
			shellScript = "diff \"${PODS_PODFILE_DIR_PATH}/Podfile.lock\" \"${PODS_ROOT}/Manifest.lock\" > /dev/null\nif [ $? != 0 ] ; then\n    # print error to STDERR\n    echo \"error: The sandbox is not in sync with the Podfile.lock. Run 'pod install' or update your CocoaPods installation.\" >&2\n    exit 1\nfi\n# This output is used by Xcode 'outputs' to avoid re-running this script phase.\necho \"SUCCESS\" > \"${SCRIPT_OUTPUT_FILE_0}\"\n";
			showEnvVarsInLog = 0;
		};
		56342964051C10B4E71DC5DD /* [CP] Check Pods Manifest.lock */ = {
			isa = PBXShellScriptBuildPhase;
			buildActionMask = 2147483647;
			files = (
			);
			inputFileListPaths = (
			);
			inputPaths = (
				"${PODS_PODFILE_DIR_PATH}/Podfile.lock",
				"${PODS_ROOT}/Manifest.lock",
			);
			name = "[CP] Check Pods Manifest.lock";
			outputFileListPaths = (
			);
			outputPaths = (
				"$(DERIVED_FILE_DIR)/Pods-GamerGram-checkManifestLockResult.txt",
			);
			runOnlyForDeploymentPostprocessing = 0;
			shellPath = /bin/sh;
			shellScript = "diff \"${PODS_PODFILE_DIR_PATH}/Podfile.lock\" \"${PODS_ROOT}/Manifest.lock\" > /dev/null\nif [ $? != 0 ] ; then\n    # print error to STDERR\n    echo \"error: The sandbox is not in sync with the Podfile.lock. Run 'pod install' or update your CocoaPods installation.\" >&2\n    exit 1\nfi\n# This output is used by Xcode 'outputs' to avoid re-running this script phase.\necho \"SUCCESS\" > \"${SCRIPT_OUTPUT_FILE_0}\"\n";
			showEnvVarsInLog = 0;
		};
		6373D11596CB9C71D163BFAD /* [CP] Check Pods Manifest.lock */ = {
			isa = PBXShellScriptBuildPhase;
			buildActionMask = 2147483647;
			files = (
			);
			inputFileListPaths = (
			);
			inputPaths = (
				"${PODS_PODFILE_DIR_PATH}/Podfile.lock",
				"${PODS_ROOT}/Manifest.lock",
			);
			name = "[CP] Check Pods Manifest.lock";
			outputFileListPaths = (
			);
			outputPaths = (
				"$(DERIVED_FILE_DIR)/Pods-GamerGramUITests-checkManifestLockResult.txt",
			);
			runOnlyForDeploymentPostprocessing = 0;
			shellPath = /bin/sh;
			shellScript = "diff \"${PODS_PODFILE_DIR_PATH}/Podfile.lock\" \"${PODS_ROOT}/Manifest.lock\" > /dev/null\nif [ $? != 0 ] ; then\n    # print error to STDERR\n    echo \"error: The sandbox is not in sync with the Podfile.lock. Run 'pod install' or update your CocoaPods installation.\" >&2\n    exit 1\nfi\n# This output is used by Xcode 'outputs' to avoid re-running this script phase.\necho \"SUCCESS\" > \"${SCRIPT_OUTPUT_FILE_0}\"\n";
			showEnvVarsInLog = 0;
		};
		AE1E70AB35E5F5CAD7F7EF49 /* [CP] Embed Pods Frameworks */ = {
			isa = PBXShellScriptBuildPhase;
			buildActionMask = 2147483647;
			files = (
			);
			inputFileListPaths = (
			);
			inputPaths = (
				"${PODS_ROOT}/Target Support Files/Pods-GamerGram/Pods-GamerGram-frameworks.sh",
				"${BUILT_PRODUCTS_DIR}/Bolts/Bolts.framework",
				"${BUILT_PRODUCTS_DIR}/Parse/Parse.framework",
			);
			name = "[CP] Embed Pods Frameworks";
			outputFileListPaths = (
			);
			outputPaths = (
				"${TARGET_BUILD_DIR}/${FRAMEWORKS_FOLDER_PATH}/Bolts.framework",
				"${TARGET_BUILD_DIR}/${FRAMEWORKS_FOLDER_PATH}/Parse.framework",
			);
			runOnlyForDeploymentPostprocessing = 0;
			shellPath = /bin/sh;
			shellScript = "\"${PODS_ROOT}/Target Support Files/Pods-GamerGram/Pods-GamerGram-frameworks.sh\"\n";
			showEnvVarsInLog = 0;
		};
/* End PBXShellScriptBuildPhase section */

/* Begin PBXSourcesBuildPhase section */
		450A192C2273044A004E5296 /* Sources */ = {
			isa = PBXSourcesBuildPhase;
			buildActionMask = 2147483647;
			files = (
				454961D422775C00004B9BE5 /* PostViewController.swift in Sources */,
				454961EB2277A583004B9BE5 /* LoggedInViewController.swift in Sources */,
				454961CE22775AC3004B9BE5 /* SearchViewController.swift in Sources */,
				454961CC22775A74004B9BE5 /* HomeViewController.swift in Sources */,
				454961D222775B4E004B9BE5 /* ChatViewController.swift in Sources */,
				450A19362273044A004E5296 /* ViewController.swift in Sources */,
				450A19342273044A004E5296 /* AppDelegate.swift in Sources */,
				454961D022775ACE004B9BE5 /* ProfileViewController.swift in Sources */,
				450A19642273063A004E5296 /* SignUpViewController.swift in Sources */,
				450A196222730541004E5296 /* SignInViewController.swift in Sources */,
			);
			runOnlyForDeploymentPostprocessing = 0;
		};
		450A19402273044C004E5296 /* Sources */ = {
			isa = PBXSourcesBuildPhase;
			buildActionMask = 2147483647;
			files = (
				450A19492273044C004E5296 /* GamerGramTests.swift in Sources */,
			);
			runOnlyForDeploymentPostprocessing = 0;
		};
		450A194B2273044C004E5296 /* Sources */ = {
			isa = PBXSourcesBuildPhase;
			buildActionMask = 2147483647;
			files = (
				450A19542273044C004E5296 /* GamerGramUITests.swift in Sources */,
			);
			runOnlyForDeploymentPostprocessing = 0;
		};
/* End PBXSourcesBuildPhase section */

/* Begin PBXTargetDependency section */
		450A19462273044C004E5296 /* PBXTargetDependency */ = {
			isa = PBXTargetDependency;
			target = 450A192F2273044A004E5296 /* GamerGram */;
			targetProxy = 450A19452273044C004E5296 /* PBXContainerItemProxy */;
		};
		450A19512273044C004E5296 /* PBXTargetDependency */ = {
			isa = PBXTargetDependency;
			target = 450A192F2273044A004E5296 /* GamerGram */;
			targetProxy = 450A19502273044C004E5296 /* PBXContainerItemProxy */;
		};
/* End PBXTargetDependency section */

/* Begin PBXVariantGroup section */
		450A19372273044A004E5296 /* Main.storyboard */ = {
			isa = PBXVariantGroup;
			children = (
				450A19382273044A004E5296 /* Base */,
			);
			name = Main.storyboard;
			sourceTree = "<group>";
		};
		450A193C2273044C004E5296 /* LaunchScreen.storyboard */ = {
			isa = PBXVariantGroup;
			children = (
				450A193D2273044C004E5296 /* Base */,
			);
			name = LaunchScreen.storyboard;
			sourceTree = "<group>";
		};
		454961DC22777D1F004B9BE5 /* Search.storyboard */ = {
			isa = PBXVariantGroup;
			children = (
				454961DD22777D1F004B9BE5 /* Base */,
			);
			name = Search.storyboard;
			sourceTree = "<group>";
		};
		454961E122777D8C004B9BE5 /* Post.storyboard */ = {
			isa = PBXVariantGroup;
			children = (
				454961E222777D8C004B9BE5 /* Base */,
			);
			name = Post.storyboard;
			sourceTree = "<group>";
		};
/* End PBXVariantGroup section */

/* Begin XCBuildConfiguration section */
		450A19562273044C004E5296 /* Debug */ = {
			isa = XCBuildConfiguration;
			buildSettings = {
				ALWAYS_SEARCH_USER_PATHS = NO;
				CLANG_ANALYZER_NONNULL = YES;
				CLANG_ANALYZER_NUMBER_OBJECT_CONVERSION = YES_AGGRESSIVE;
				CLANG_CXX_LANGUAGE_STANDARD = "gnu++14";
				CLANG_CXX_LIBRARY = "libc++";
				CLANG_ENABLE_MODULES = YES;
				CLANG_ENABLE_OBJC_ARC = YES;
				CLANG_ENABLE_OBJC_WEAK = YES;
				CLANG_WARN_BLOCK_CAPTURE_AUTORELEASING = YES;
				CLANG_WARN_BOOL_CONVERSION = YES;
				CLANG_WARN_COMMA = YES;
				CLANG_WARN_CONSTANT_CONVERSION = YES;
				CLANG_WARN_DEPRECATED_OBJC_IMPLEMENTATIONS = YES;
				CLANG_WARN_DIRECT_OBJC_ISA_USAGE = YES_ERROR;
				CLANG_WARN_DOCUMENTATION_COMMENTS = YES;
				CLANG_WARN_EMPTY_BODY = YES;
				CLANG_WARN_ENUM_CONVERSION = YES;
				CLANG_WARN_INFINITE_RECURSION = YES;
				CLANG_WARN_INT_CONVERSION = YES;
				CLANG_WARN_NON_LITERAL_NULL_CONVERSION = YES;
				CLANG_WARN_OBJC_IMPLICIT_RETAIN_SELF = YES;
				CLANG_WARN_OBJC_LITERAL_CONVERSION = YES;
				CLANG_WARN_OBJC_ROOT_CLASS = YES_ERROR;
				CLANG_WARN_RANGE_LOOP_ANALYSIS = YES;
				CLANG_WARN_STRICT_PROTOTYPES = YES;
				CLANG_WARN_SUSPICIOUS_MOVE = YES;
				CLANG_WARN_UNGUARDED_AVAILABILITY = YES_AGGRESSIVE;
				CLANG_WARN_UNREACHABLE_CODE = YES;
				CLANG_WARN__DUPLICATE_METHOD_MATCH = YES;
				CODE_SIGN_IDENTITY = "iPhone Developer";
				COPY_PHASE_STRIP = NO;
				DEBUG_INFORMATION_FORMAT = dwarf;
				ENABLE_STRICT_OBJC_MSGSEND = YES;
				ENABLE_TESTABILITY = YES;
				GCC_C_LANGUAGE_STANDARD = gnu11;
				GCC_DYNAMIC_NO_PIC = NO;
				GCC_NO_COMMON_BLOCKS = YES;
				GCC_OPTIMIZATION_LEVEL = 0;
				GCC_PREPROCESSOR_DEFINITIONS = (
					"DEBUG=1",
					"$(inherited)",
				);
				GCC_WARN_64_TO_32_BIT_CONVERSION = YES;
				GCC_WARN_ABOUT_RETURN_TYPE = YES_ERROR;
				GCC_WARN_UNDECLARED_SELECTOR = YES;
				GCC_WARN_UNINITIALIZED_AUTOS = YES_AGGRESSIVE;
				GCC_WARN_UNUSED_FUNCTION = YES;
				GCC_WARN_UNUSED_VARIABLE = YES;
				IPHONEOS_DEPLOYMENT_TARGET = 12.2;
				MTL_ENABLE_DEBUG_INFO = INCLUDE_SOURCE;
				MTL_FAST_MATH = YES;
				ONLY_ACTIVE_ARCH = YES;
				SDKROOT = iphoneos;
				SWIFT_ACTIVE_COMPILATION_CONDITIONS = DEBUG;
				SWIFT_OPTIMIZATION_LEVEL = "-Onone";
			};
			name = Debug;
		};
		450A19572273044C004E5296 /* Release */ = {
			isa = XCBuildConfiguration;
			buildSettings = {
				ALWAYS_SEARCH_USER_PATHS = NO;
				CLANG_ANALYZER_NONNULL = YES;
				CLANG_ANALYZER_NUMBER_OBJECT_CONVERSION = YES_AGGRESSIVE;
				CLANG_CXX_LANGUAGE_STANDARD = "gnu++14";
				CLANG_CXX_LIBRARY = "libc++";
				CLANG_ENABLE_MODULES = YES;
				CLANG_ENABLE_OBJC_ARC = YES;
				CLANG_ENABLE_OBJC_WEAK = YES;
				CLANG_WARN_BLOCK_CAPTURE_AUTORELEASING = YES;
				CLANG_WARN_BOOL_CONVERSION = YES;
				CLANG_WARN_COMMA = YES;
				CLANG_WARN_CONSTANT_CONVERSION = YES;
				CLANG_WARN_DEPRECATED_OBJC_IMPLEMENTATIONS = YES;
				CLANG_WARN_DIRECT_OBJC_ISA_USAGE = YES_ERROR;
				CLANG_WARN_DOCUMENTATION_COMMENTS = YES;
				CLANG_WARN_EMPTY_BODY = YES;
				CLANG_WARN_ENUM_CONVERSION = YES;
				CLANG_WARN_INFINITE_RECURSION = YES;
				CLANG_WARN_INT_CONVERSION = YES;
				CLANG_WARN_NON_LITERAL_NULL_CONVERSION = YES;
				CLANG_WARN_OBJC_IMPLICIT_RETAIN_SELF = YES;
				CLANG_WARN_OBJC_LITERAL_CONVERSION = YES;
				CLANG_WARN_OBJC_ROOT_CLASS = YES_ERROR;
				CLANG_WARN_RANGE_LOOP_ANALYSIS = YES;
				CLANG_WARN_STRICT_PROTOTYPES = YES;
				CLANG_WARN_SUSPICIOUS_MOVE = YES;
				CLANG_WARN_UNGUARDED_AVAILABILITY = YES_AGGRESSIVE;
				CLANG_WARN_UNREACHABLE_CODE = YES;
				CLANG_WARN__DUPLICATE_METHOD_MATCH = YES;
				CODE_SIGN_IDENTITY = "iPhone Developer";
				COPY_PHASE_STRIP = NO;
				DEBUG_INFORMATION_FORMAT = "dwarf-with-dsym";
				ENABLE_NS_ASSERTIONS = NO;
				ENABLE_STRICT_OBJC_MSGSEND = YES;
				GCC_C_LANGUAGE_STANDARD = gnu11;
				GCC_NO_COMMON_BLOCKS = YES;
				GCC_WARN_64_TO_32_BIT_CONVERSION = YES;
				GCC_WARN_ABOUT_RETURN_TYPE = YES_ERROR;
				GCC_WARN_UNDECLARED_SELECTOR = YES;
				GCC_WARN_UNINITIALIZED_AUTOS = YES_AGGRESSIVE;
				GCC_WARN_UNUSED_FUNCTION = YES;
				GCC_WARN_UNUSED_VARIABLE = YES;
				IPHONEOS_DEPLOYMENT_TARGET = 12.2;
				MTL_ENABLE_DEBUG_INFO = NO;
				MTL_FAST_MATH = YES;
				SDKROOT = iphoneos;
				SWIFT_COMPILATION_MODE = wholemodule;
				SWIFT_OPTIMIZATION_LEVEL = "-O";
				VALIDATE_PRODUCT = YES;
			};
			name = Release;
		};
		450A19592273044C004E5296 /* Debug */ = {
			isa = XCBuildConfiguration;
			baseConfigurationReference = 4FFB2D47346BC5D1DA689F31 /* Pods-GamerGram.debug.xcconfig */;
			buildSettings = {
				ASSETCATALOG_COMPILER_APPICON_NAME = AppIcon;
				CODE_SIGN_STYLE = Automatic;
				DEVELOPMENT_TEAM = S8LU7B4PGV;
				INFOPLIST_FILE = GamerGram/Info.plist;
				IPHONEOS_DEPLOYMENT_TARGET = 11.0;
				LD_RUNPATH_SEARCH_PATHS = (
					"$(inherited)",
					"@executable_path/Frameworks",
				);
				PRODUCT_BUNDLE_IDENTIFIER = me.rubennijmeijer.GamerGram;
				PRODUCT_NAME = "$(TARGET_NAME)";
				SWIFT_VERSION = 5.0;
				TARGETED_DEVICE_FAMILY = "1,2";
			};
			name = Debug;
		};
		450A195A2273044C004E5296 /* Release */ = {
			isa = XCBuildConfiguration;
			baseConfigurationReference = 06AD5A3C9B2FAF2B7BD0072F /* Pods-GamerGram.release.xcconfig */;
			buildSettings = {
				ASSETCATALOG_COMPILER_APPICON_NAME = AppIcon;
				CODE_SIGN_STYLE = Automatic;
				DEVELOPMENT_TEAM = S8LU7B4PGV;
				INFOPLIST_FILE = GamerGram/Info.plist;
				IPHONEOS_DEPLOYMENT_TARGET = 11.0;
				LD_RUNPATH_SEARCH_PATHS = (
					"$(inherited)",
					"@executable_path/Frameworks",
				);
				PRODUCT_BUNDLE_IDENTIFIER = me.rubennijmeijer.GamerGram;
				PRODUCT_NAME = "$(TARGET_NAME)";
				SWIFT_VERSION = 5.0;
				TARGETED_DEVICE_FAMILY = "1,2";
			};
			name = Release;
		};
		450A195C2273044C004E5296 /* Debug */ = {
			isa = XCBuildConfiguration;
			baseConfigurationReference = 3E0F5998C6AA33F6992F1AA3 /* Pods-GamerGramTests.debug.xcconfig */;
			buildSettings = {
				ALWAYS_EMBED_SWIFT_STANDARD_LIBRARIES = YES;
				BUNDLE_LOADER = "$(TEST_HOST)";
				CODE_SIGN_STYLE = Automatic;
				DEVELOPMENT_TEAM = S8LU7B4PGV;
				INFOPLIST_FILE = GamerGramTests/Info.plist;
				LD_RUNPATH_SEARCH_PATHS = (
					"$(inherited)",
					"@executable_path/Frameworks",
					"@loader_path/Frameworks",
				);
				PRODUCT_BUNDLE_IDENTIFIER = me.rubennijmeijer.GamerGramTests;
				PRODUCT_NAME = "$(TARGET_NAME)";
				SWIFT_VERSION = 5.0;
				TARGETED_DEVICE_FAMILY = "1,2";
				TEST_HOST = "$(BUILT_PRODUCTS_DIR)/GamerGram.app/GamerGram";
			};
			name = Debug;
		};
		450A195D2273044C004E5296 /* Release */ = {
			isa = XCBuildConfiguration;
			baseConfigurationReference = AF9C2FFC00A891EC27538775 /* Pods-GamerGramTests.release.xcconfig */;
			buildSettings = {
				ALWAYS_EMBED_SWIFT_STANDARD_LIBRARIES = YES;
				BUNDLE_LOADER = "$(TEST_HOST)";
				CODE_SIGN_STYLE = Automatic;
				DEVELOPMENT_TEAM = S8LU7B4PGV;
				INFOPLIST_FILE = GamerGramTests/Info.plist;
				LD_RUNPATH_SEARCH_PATHS = (
					"$(inherited)",
					"@executable_path/Frameworks",
					"@loader_path/Frameworks",
				);
				PRODUCT_BUNDLE_IDENTIFIER = me.rubennijmeijer.GamerGramTests;
				PRODUCT_NAME = "$(TARGET_NAME)";
				SWIFT_VERSION = 5.0;
				TARGETED_DEVICE_FAMILY = "1,2";
				TEST_HOST = "$(BUILT_PRODUCTS_DIR)/GamerGram.app/GamerGram";
			};
			name = Release;
		};
		450A195F2273044C004E5296 /* Debug */ = {
			isa = XCBuildConfiguration;
			baseConfigurationReference = 90FF9F3C9E08AA3F3102D851 /* Pods-GamerGramUITests.debug.xcconfig */;
			buildSettings = {
				ALWAYS_EMBED_SWIFT_STANDARD_LIBRARIES = YES;
				CODE_SIGN_STYLE = Automatic;
				DEVELOPMENT_TEAM = S8LU7B4PGV;
				INFOPLIST_FILE = GamerGramUITests/Info.plist;
				LD_RUNPATH_SEARCH_PATHS = (
					"$(inherited)",
					"@executable_path/Frameworks",
					"@loader_path/Frameworks",
				);
				PRODUCT_BUNDLE_IDENTIFIER = me.rubennijmeijer.GamerGramUITests;
				PRODUCT_NAME = "$(TARGET_NAME)";
				SWIFT_VERSION = 5.0;
				TARGETED_DEVICE_FAMILY = "1,2";
				TEST_TARGET_NAME = GamerGram;
			};
			name = Debug;
		};
		450A19602273044C004E5296 /* Release */ = {
			isa = XCBuildConfiguration;
			baseConfigurationReference = 8F511E183F26F629FB883F3F /* Pods-GamerGramUITests.release.xcconfig */;
			buildSettings = {
				ALWAYS_EMBED_SWIFT_STANDARD_LIBRARIES = YES;
				CODE_SIGN_STYLE = Automatic;
				DEVELOPMENT_TEAM = S8LU7B4PGV;
				INFOPLIST_FILE = GamerGramUITests/Info.plist;
				LD_RUNPATH_SEARCH_PATHS = (
					"$(inherited)",
					"@executable_path/Frameworks",
					"@loader_path/Frameworks",
				);
				PRODUCT_BUNDLE_IDENTIFIER = me.rubennijmeijer.GamerGramUITests;
				PRODUCT_NAME = "$(TARGET_NAME)";
				SWIFT_VERSION = 5.0;
				TARGETED_DEVICE_FAMILY = "1,2";
				TEST_TARGET_NAME = GamerGram;
			};
			name = Release;
		};
/* End XCBuildConfiguration section */

/* Begin XCConfigurationList section */
		450A192B2273044A004E5296 /* Build configuration list for PBXProject "GamerGram" */ = {
			isa = XCConfigurationList;
			buildConfigurations = (
				450A19562273044C004E5296 /* Debug */,
				450A19572273044C004E5296 /* Release */,
			);
			defaultConfigurationIsVisible = 0;
			defaultConfigurationName = Release;
		};
		450A19582273044C004E5296 /* Build configuration list for PBXNativeTarget "GamerGram" */ = {
			isa = XCConfigurationList;
			buildConfigurations = (
				450A19592273044C004E5296 /* Debug */,
				450A195A2273044C004E5296 /* Release */,
			);
			defaultConfigurationIsVisible = 0;
			defaultConfigurationName = Release;
		};
		450A195B2273044C004E5296 /* Build configuration list for PBXNativeTarget "GamerGramTests" */ = {
			isa = XCConfigurationList;
			buildConfigurations = (
				450A195C2273044C004E5296 /* Debug */,
				450A195D2273044C004E5296 /* Release */,
			);
			defaultConfigurationIsVisible = 0;
			defaultConfigurationName = Release;
		};
		450A195E2273044C004E5296 /* Build configuration list for PBXNativeTarget "GamerGramUITests" */ = {
			isa = XCConfigurationList;
			buildConfigurations = (
				450A195F2273044C004E5296 /* Debug */,
				450A19602273044C004E5296 /* Release */,
			);
			defaultConfigurationIsVisible = 0;
			defaultConfigurationName = Release;
		};
/* End XCConfigurationList section */
	};
	rootObject = 450A19282273044A004E5296 /* Project object */;
}
